
Microsoft Visual Studio Solution File, Format Version 12.00
# Visual Studio 15
VisualStudioVersion = 15.0.28307.1259
MinimumVisualStudioVersion = 10.0.40219.1
Project("{FAE04EC0-301F-11D3-BF4B-00C04F79EFBC}") = "TicTacToe", "TicTacToe.csproj", "{15C99654-2972-44B0-8027-1F2EE0F9A6CD}"
EndProject
Global
	GlobalSection(SolutionConfigurationPlatforms) = preSolution
		Debug|Any CPU = Debug|Any CPU
		Release|Any CPU = Release|Any CPU
	EndGlobalSection
	GlobalSection(ProjectConfigurationPlatforms) = postSolution
		{15C99654-2972-44B0-8027-1F2EE0F9A6CD}.Debug|Any CPU.ActiveCfg = Debug|Any CPU
		{15C99654-2972-44B0-8027-1F2EE0F9A6CD}.Debug|Any CPU.Build.0 = Debug|Any CPU
		{15C99654-2972-44B0-8027-1F2EE0F9A6CD}.Release|Any CPU.ActiveCfg = Release|Any CPU
		{15C99654-2972-44B0-8027-1F2EE0F9A6CD}.Release|Any CPU.Build.0 = Release|Any CPU
	EndGlobalSection
	GlobalSection(SolutionProperties) = preSolution
		HideSolutionNode = FALSE
	EndGlobalSection
	GlobalSection(ExtensibilityGlobals) = postSolution
		SolutionGuid = {37E219B9-81A6-424A-9774-3516E5EAC9B0}
	EndGlobalSection
EndGlobal
